
Microsoft Visual Studio Solution File, Format Version 11.00
# Visual Studio 2010
Project("{FAE04EC0-301F-11D3-BF4B-00C04F79EFBC}") = "Video-to-Wikipedia", "Video-to-Wikipedia\Video-to-Wikipedia.csproj", "{B0F5CC43-C7C9-405A-80C7-E9F124B41F97}"
EndProject
Project("{FAE04EC0-301F-11D3-BF4B-00C04F79EFBC}") = "Video-to-Wikipedia.Tests", "Video-to-Wikipedia.Tests\Video-to-Wikipedia.Tests.csproj", "{ACD53158-9329-4C01-8B4A-B37A24F71325}"
EndProject
Global
	GlobalSection(SolutionConfigurationPlatforms) = preSolution
		Debug|Any CPU = Debug|Any CPU
		Release|Any CPU = Release|Any CPU
	EndGlobalSection
	GlobalSection(ProjectConfigurationPlatforms) = postSolution
		{B0F5CC43-C7C9-405A-80C7-E9F124B41F97}.Debug|Any CPU.ActiveCfg = Debug|Any CPU
		{B0F5CC43-C7C9-405A-80C7-E9F124B41F97}.Debug|Any CPU.Build.0 = Debug|Any CPU
		{B0F5CC43-C7C9-405A-80C7-E9F124B41F97}.Release|Any CPU.ActiveCfg = Release|Any CPU
		{B0F5CC43-C7C9-405A-80C7-E9F124B41F97}.Release|Any CPU.Build.0 = Release|Any CPU
		{ACD53158-9329-4C01-8B4A-B37A24F71325}.Debug|Any CPU.ActiveCfg = Debug|Any CPU
		{ACD53158-9329-4C01-8B4A-B37A24F71325}.Debug|Any CPU.Build.0 = Debug|Any CPU
		{ACD53158-9329-4C01-8B4A-B37A24F71325}.Release|Any CPU.ActiveCfg = Release|Any CPU
		{ACD53158-9329-4C01-8B4A-B37A24F71325}.Release|Any CPU.Build.0 = Release|Any CPU
	EndGlobalSection
	GlobalSection(SolutionProperties) = preSolution
		HideSolutionNode = FALSE
	EndGlobalSection
EndGlobal
